
Microsoft Visual Studio Solution File, Format Version 12.00
# Visual Studio Version 16
VisualStudioVersion = 16.0.31613.86
MinimumVisualStudioVersion = 10.0.40219.1
Project("{2150E333-8FDC-42A3-9474-1A3956D46DE8}") = "Lib", "Lib", "{8445F1FD-2EDC-4AFC-BDA0-0715C1BB3624}"
EndProject
Project("{9A19103F-16F7-4668-BE54-9A1E7A4F7556}") = "MooseDrive.Data", "MooseDrive.Data\MooseDrive.Data.csproj", "{43BEE595-83DB-47E2-B963-55135A2566C7}"
EndProject
Project("{9A19103F-16F7-4668-BE54-9A1E7A4F7556}") = "MooseDrive", "MooseDrive\MooseDrive.csproj", "{DDF9C53F-D57B-4B41-A108-FE1D080B3F98}"
EndProject
Project("{9A19103F-16F7-4668-BE54-9A1E7A4F7556}") = "MooseDrive.Logger", "MooseDrive.Logger\MooseDrive.Logger.csproj", "{2A4F83E7-6DC0-4052-A39A-BCE5BC784B29}"
EndProject
Project("{2150E333-8FDC-42A3-9474-1A3956D46DE8}") = "Moose.Mobile", "Moose.Mobile", "{A829D52C-C8C1-4DD9-9117-01BDB30A906A}"
EndProject
Project("{9A19103F-16F7-4668-BE54-9A1E7A4F7556}") = "Moose.Mobile.BLE", "..\Moose.Mobile.BLE\Moose.Mobile.BLE.csproj", "{1A49DD01-1348-4CE2-A269-73127DC9C20F}"
EndProject
Project("{2150E333-8FDC-42A3-9474-1A3956D46DE8}") = "App", "App", "{67E366D2-C36F-4E8F-AB9D-B2557B087DA5}"
EndProject
Project("{FAE04EC0-301F-11D3-BF4B-00C04F79EFBC}") = "MooseDrive.Mobile.App.Android", "MooseDrive.Mobile.App\MooseDrive.Mobile.App.Android\MooseDrive.Mobile.App.Android.csproj", "{BB6B32D2-700E-4ACD-97F4-E45ACAFE53E4}"
EndProject
Project("{FAE04EC0-301F-11D3-BF4B-00C04F79EFBC}") = "MooseDrive.Mobile.App.iOS", "MooseDrive.Mobile.App\MooseDrive.Mobile.App.iOS\MooseDrive.Mobile.App.iOS.csproj", "{6FF7A354-571B-48CD-83CB-BD65B22AF05D}"
EndProject
Project("{9A19103F-16F7-4668-BE54-9A1E7A4F7556}") = "MooseDrive.Mobile.App", "MooseDrive.Mobile.App\MooseDrive.Mobile.App\MooseDrive.Mobile.App.csproj", "{76F00F1C-1B23-409C-A3AE-7D7503DE10FC}"
EndProject
Project("{9A19103F-16F7-4668-BE54-9A1E7A4F7556}") = "Moose.Mobile", "..\Moose.Mobile\Moose.Mobile.csproj", "{420DC959-9BBC-498F-8864-3D336EA7EEFB}"
EndProject
Project("{9A19103F-16F7-4668-BE54-9A1E7A4F7556}") = "Moose", "..\Moose\Moose.csproj", "{FE840772-C40A-434E-8AE1-C5829B9A9EC9}"
EndProject
Project("{9A19103F-16F7-4668-BE54-9A1E7A4F7556}") = "Moose.Database", "..\Moose.Database\Moose.Database.csproj", "{02A16696-2BCD-4E3D-B31E-E81FB2403BC8}"
EndProject
Project("{FAE04EC0-301F-11D3-BF4B-00C04F79EFBC}") = "MooseDrive.Logger.iOS", "MooseDrive.Logger.iOS\MooseDrive.Logger.iOS.csproj", "{03982ADF-3C32-458E-A53A-E62810B119B0}"
EndProject
Project("{FAE04EC0-301F-11D3-BF4B-00C04F79EFBC}") = "MooseDrive.Logger.Android", "MooseDrive.Logger.Android\MooseDrive.Logger.Android.csproj", "{DFF3B1D0-2F24-4082-B488-B23EFE4E5BE0}"
EndProject
Global
	GlobalSection(SolutionConfigurationPlatforms) = preSolution
		Debug|Any CPU = Debug|Any CPU
		Debug|iPhone = Debug|iPhone
		Debug|iPhoneSimulator = Debug|iPhoneSimulator
		Release|Any CPU = Release|Any CPU
		Release|iPhone = Release|iPhone
		Release|iPhoneSimulator = Release|iPhoneSimulator
	EndGlobalSection
	GlobalSection(ProjectConfigurationPlatforms) = postSolution
		{43BEE595-83DB-47E2-B963-55135A2566C7}.Debug|Any CPU.ActiveCfg = Debug|Any CPU
		{43BEE595-83DB-47E2-B963-55135A2566C7}.Debug|Any CPU.Build.0 = Debug|Any CPU
		{43BEE595-83DB-47E2-B963-55135A2566C7}.Debug|iPhone.ActiveCfg = Debug|Any CPU
		{43BEE595-83DB-47E2-B963-55135A2566C7}.Debug|iPhone.Build.0 = Debug|Any CPU
		{43BEE595-83DB-47E2-B963-55135A2566C7}.Debug|iPhoneSimulator.ActiveCfg = Debug|Any CPU
		{43BEE595-83DB-47E2-B963-55135A2566C7}.Debug|iPhoneSimulator.Build.0 = Debug|Any CPU
		{43BEE595-83DB-47E2-B963-55135A2566C7}.Release|Any CPU.ActiveCfg = Release|Any CPU
		{43BEE595-83DB-47E2-B963-55135A2566C7}.Release|Any CPU.Build.0 = Release|Any CPU
		{43BEE595-83DB-47E2-B963-55135A2566C7}.Release|iPhone.ActiveCfg = Release|Any CPU
		{43BEE595-83DB-47E2-B963-55135A2566C7}.Release|iPhone.Build.0 = Release|Any CPU
		{43BEE595-83DB-47E2-B963-55135A2566C7}.Release|iPhoneSimulator.ActiveCfg = Release|Any CPU
		{43BEE595-83DB-47E2-B963-55135A2566C7}.Release|iPhoneSimulator.Build.0 = Release|Any CPU
		{DDF9C53F-D57B-4B41-A108-FE1D080B3F98}.Debug|Any CPU.ActiveCfg = Debug|Any CPU
		{DDF9C53F-D57B-4B41-A108-FE1D080B3F98}.Debug|Any CPU.Build.0 = Debug|Any CPU
		{DDF9C53F-D57B-4B41-A108-FE1D080B3F98}.Debug|iPhone.ActiveCfg = Debug|Any CPU
		{DDF9C53F-D57B-4B41-A108-FE1D080B3F98}.Debug|iPhone.Build.0 = Debug|Any CPU
		{DDF9C53F-D57B-4B41-A108-FE1D080B3F98}.Debug|iPhoneSimulator.ActiveCfg = Debug|Any CPU
		{DDF9C53F-D57B-4B41-A108-FE1D080B3F98}.Debug|iPhoneSimulator.Build.0 = Debug|Any CPU
		{DDF9C53F-D57B-4B41-A108-FE1D080B3F98}.Release|Any CPU.ActiveCfg = Release|Any CPU
		{DDF9C53F-D57B-4B41-A108-FE1D080B3F98}.Release|Any CPU.Build.0 = Release|Any CPU
		{DDF9C53F-D57B-4B41-A108-FE1D080B3F98}.Release|iPhone.ActiveCfg = Release|Any CPU
		{DDF9C53F-D57B-4B41-A108-FE1D080B3F98}.Release|iPhone.Build.0 = Release|Any CPU
		{DDF9C53F-D57B-4B41-A108-FE1D080B3F98}.Release|iPhoneSimulator.ActiveCfg = Release|Any CPU
		{DDF9C53F-D57B-4B41-A108-FE1D080B3F98}.Release|iPhoneSimulator.Build.0 = Release|Any CPU
		{2A4F83E7-6DC0-4052-A39A-BCE5BC784B29}.Debug|Any CPU.ActiveCfg = Debug|Any CPU
		{2A4F83E7-6DC0-4052-A39A-BCE5BC784B29}.Debug|Any CPU.Build.0 = Debug|Any CPU
		{2A4F83E7-6DC0-4052-A39A-BCE5BC784B29}.Debug|iPhone.ActiveCfg = Debug|Any CPU
		{2A4F83E7-6DC0-4052-A39A-BCE5BC784B29}.Debug|iPhone.Build.0 = Debug|Any CPU
		{2A4F83E7-6DC0-4052-A39A-BCE5BC784B29}.Debug|iPhoneSimulator.ActiveCfg = Debug|Any CPU
		{2A4F83E7-6DC0-4052-A39A-BCE5BC784B29}.Debug|iPhoneSimulator.Build.0 = Debug|Any CPU
		{2A4F83E7-6DC0-4052-A39A-BCE5BC784B29}.Release|Any CPU.ActiveCfg = Release|Any CPU
		{2A4F83E7-6DC0-4052-A39A-BCE5BC784B29}.Release|Any CPU.Build.0 = Release|Any CPU
		{2A4F83E7-6DC0-4052-A39A-BCE5BC784B29}.Release|iPhone.ActiveCfg = Release|Any CPU
		{2A4F83E7-6DC0-4052-A39A-BCE5BC784B29}.Release|iPhone.Build.0 = Release|Any CPU
		{2A4F83E7-6DC0-4052-A39A-BCE5BC784B29}.Release|iPhoneSimulator.ActiveCfg = Release|Any CPU
		{2A4F83E7-6DC0-4052-A39A-BCE5BC784B29}.Release|iPhoneSimulator.Build.0 = Release|Any CPU
		{1A49DD01-1348-4CE2-A269-73127DC9C20F}.Debug|Any CPU.ActiveCfg = Debug|Any CPU
		{1A49DD01-1348-4CE2-A269-73127DC9C20F}.Debug|Any CPU.Build.0 = Debug|Any CPU
		{1A49DD01-1348-4CE2-A269-73127DC9C20F}.Debug|iPhone.ActiveCfg = Debug|Any CPU
		{1A49DD01-1348-4CE2-A269-73127DC9C20F}.Debug|iPhone.Build.0 = Debug|Any CPU
		{1A49DD01-1348-4CE2-A269-73127DC9C20F}.Debug|iPhoneSimulator.ActiveCfg = Debug|Any CPU
		{1A49DD01-1348-4CE2-A269-73127DC9C20F}.Debug|iPhoneSimulator.Build.0 = Debug|Any CPU
		{1A49DD01-1348-4CE2-A269-73127DC9C20F}.Release|Any CPU.ActiveCfg = Release|Any CPU
		{1A49DD01-1348-4CE2-A269-73127DC9C20F}.Release|Any CPU.Build.0 = Release|Any CPU
		{1A49DD01-1348-4CE2-A269-73127DC9C20F}.Release|iPhone.ActiveCfg = Release|Any CPU
		{1A49DD01-1348-4CE2-A269-73127DC9C20F}.Release|iPhone.Build.0 = Release|Any CPU
		{1A49DD01-1348-4CE2-A269-73127DC9C20F}.Release|iPhoneSimulator.ActiveCfg = Release|Any CPU
		{1A49DD01-1348-4CE2-A269-73127DC9C20F}.Release|iPhoneSimulator.Build.0 = Release|Any CPU
		{BB6B32D2-700E-4ACD-97F4-E45ACAFE53E4}.Debug|Any CPU.ActiveCfg = Debug|Any CPU
		{BB6B32D2-700E-4ACD-97F4-E45ACAFE53E4}.Debug|Any CPU.Build.0 = Debug|Any CPU
		{BB6B32D2-700E-4ACD-97F4-E45ACAFE53E4}.Debug|Any CPU.Deploy.0 = Debug|Any CPU
		{BB6B32D2-700E-4ACD-97F4-E45ACAFE53E4}.Debug|iPhone.ActiveCfg = Debug|Any CPU
		{BB6B32D2-700E-4ACD-97F4-E45ACAFE53E4}.Debug|iPhone.Build.0 = Debug|Any CPU
		{BB6B32D2-700E-4ACD-97F4-E45ACAFE53E4}.Debug|iPhone.Deploy.0 = Debug|Any CPU
		{BB6B32D2-700E-4ACD-97F4-E45ACAFE53E4}.Debug|iPhoneSimulator.ActiveCfg = Debug|Any CPU
		{BB6B32D2-700E-4ACD-97F4-E45ACAFE53E4}.Debug|iPhoneSimulator.Build.0 = Debug|Any CPU
		{BB6B32D2-700E-4ACD-97F4-E45ACAFE53E4}.Debug|iPhoneSimulator.Deploy.0 = Debug|Any CPU
		{BB6B32D2-700E-4ACD-97F4-E45ACAFE53E4}.Release|Any CPU.ActiveCfg = Release|Any CPU
		{BB6B32D2-700E-4ACD-97F4-E45ACAFE53E4}.Release|Any CPU.Build.0 = Release|Any CPU
		{BB6B32D2-700E-4ACD-97F4-E45ACAFE53E4}.Release|Any CPU.Deploy.0 = Release|Any CPU
		{BB6B32D2-700E-4ACD-97F4-E45ACAFE53E4}.Release|iPhone.ActiveCfg = Release|Any CPU
		{BB6B32D2-700E-4ACD-97F4-E45ACAFE53E4}.Release|iPhone.Build.0 = Release|Any CPU
		{BB6B32D2-700E-4ACD-97F4-E45ACAFE53E4}.Release|iPhone.Deploy.0 = Release|Any CPU
		{BB6B32D2-700E-4ACD-97F4-E45ACAFE53E4}.Release|iPhoneSimulator.ActiveCfg = Release|Any CPU
		{BB6B32D2-700E-4ACD-97F4-E45ACAFE53E4}.Release|iPhoneSimulator.Build.0 = Release|Any CPU
		{BB6B32D2-700E-4ACD-97F4-E45ACAFE53E4}.Release|iPhoneSimulator.Deploy.0 = Release|Any CPU
		{6FF7A354-571B-48CD-83CB-BD65B22AF05D}.Debug|Any CPU.ActiveCfg = Debug|iPhoneSimulator
		{6FF7A354-571B-48CD-83CB-BD65B22AF05D}.Debug|iPhone.ActiveCfg = Debug|iPhone
		{6FF7A354-571B-48CD-83CB-BD65B22AF05D}.Debug|iPhone.Build.0 = Debug|iPhone
		{6FF7A354-571B-48CD-83CB-BD65B22AF05D}.Debug|iPhoneSimulator.ActiveCfg = Debug|iPhoneSimulator
		{6FF7A354-571B-48CD-83CB-BD65B22AF05D}.Debug|iPhoneSimulator.Build.0 = Debug|iPhoneSimulator
		{6FF7A354-571B-48CD-83CB-BD65B22AF05D}.Release|Any CPU.ActiveCfg = Release|iPhoneSimulator
		{6FF7A354-571B-48CD-83CB-BD65B22AF05D}.Release|iPhone.ActiveCfg = Release|iPhone
		{6FF7A354-571B-48CD-83CB-BD65B22AF05D}.Release|iPhone.Build.0 = Release|iPhone
		{6FF7A354-571B-48CD-83CB-BD65B22AF05D}.Release|iPhoneSimulator.ActiveCfg = Release|iPhoneSimulator
		{6FF7A354-571B-48CD-83CB-BD65B22AF05D}.Release|iPhoneSimulator.Build.0 = Release|iPhoneSimulator
		{76F00F1C-1B23-409C-A3AE-7D7503DE10FC}.Debug|Any CPU.ActiveCfg = Debug|Any CPU
		{76F00F1C-1B23-409C-A3AE-7D7503DE10FC}.Debug|Any CPU.Build.0 = Debug|Any CPU
		{76F00F1C-1B23-409C-A3AE-7D7503DE10FC}.Debug|iPhone.ActiveCfg = Debug|Any CPU
		{76F00F1C-1B23-409C-A3AE-7D7503DE10FC}.Debug|iPhone.Build.0 = Debug|Any CPU
		{76F00F1C-1B23-409C-A3AE-7D7503DE10FC}.Debug|iPhoneSimulator.ActiveCfg = Debug|Any CPU
		{76F00F1C-1B23-409C-A3AE-7D7503DE10FC}.Debug|iPhoneSimulator.Build.0 = Debug|Any CPU
		{76F00F1C-1B23-409C-A3AE-7D7503DE10FC}.Release|Any CPU.ActiveCfg = Release|Any CPU
		{76F00F1C-1B23-409C-A3AE-7D7503DE10FC}.Release|Any CPU.Build.0 = Release|Any CPU
		{76F00F1C-1B23-409C-A3AE-7D7503DE10FC}.Release|iPhone.ActiveCfg = Release|Any CPU
		{76F00F1C-1B23-409C-A3AE-7D7503DE10FC}.Release|iPhone.Build.0 = Release|Any CPU
		{76F00F1C-1B23-409C-A3AE-7D7503DE10FC}.Release|iPhoneSimulator.ActiveCfg = Release|Any CPU
		{76F00F1C-1B23-409C-A3AE-7D7503DE10FC}.Release|iPhoneSimulator.Build.0 = Release|Any CPU
		{420DC959-9BBC-498F-8864-3D336EA7EEFB}.Debug|Any CPU.ActiveCfg = Debug|Any CPU
		{420DC959-9BBC-498F-8864-3D336EA7EEFB}.Debug|Any CPU.Build.0 = Debug|Any CPU
		{420DC959-9BBC-498F-8864-3D336EA7EEFB}.Debug|iPhone.ActiveCfg = Debug|Any CPU
		{420DC959-9BBC-498F-8864-3D336EA7EEFB}.Debug|iPhone.Build.0 = Debug|Any CPU
		{420DC959-9BBC-498F-8864-3D336EA7EEFB}.Debug|iPhoneSimulator.ActiveCfg = Debug|Any CPU
		{420DC959-9BBC-498F-8864-3D336EA7EEFB}.Debug|iPhoneSimulator.Build.0 = Debug|Any CPU
		{420DC959-9BBC-498F-8864-3D336EA7EEFB}.Release|Any CPU.ActiveCfg = Release|Any CPU
		{420DC959-9BBC-498F-8864-3D336EA7EEFB}.Release|Any CPU.Build.0 = Release|Any CPU
		{420DC959-9BBC-498F-8864-3D336EA7EEFB}.Release|iPhone.ActiveCfg = Release|Any CPU
		{420DC959-9BBC-498F-8864-3D336EA7EEFB}.Release|iPhone.Build.0 = Release|Any CPU
		{420DC959-9BBC-498F-8864-3D336EA7EEFB}.Release|iPhoneSimulator.ActiveCfg = Release|Any CPU
		{420DC959-9BBC-498F-8864-3D336EA7EEFB}.Release|iPhoneSimulator.Build.0 = Release|Any CPU
		{FE840772-C40A-434E-8AE1-C5829B9A9EC9}.Debug|Any CPU.ActiveCfg = Debug|Any CPU
		{FE840772-C40A-434E-8AE1-C5829B9A9EC9}.Debug|Any CPU.Build.0 = Debug|Any CPU
		{FE840772-C40A-434E-8AE1-C5829B9A9EC9}.Debug|iPhone.ActiveCfg = Debug|Any CPU
		{FE840772-C40A-434E-8AE1-C5829B9A9EC9}.Debug|iPhone.Build.0 = Debug|Any CPU
		{FE840772-C40A-434E-8AE1-C5829B9A9EC9}.Debug|iPhoneSimulator.ActiveCfg = Debug|Any CPU
		{FE840772-C40A-434E-8AE1-C5829B9A9EC9}.Debug|iPhoneSimulator.Build.0 = Debug|Any CPU
		{FE840772-C40A-434E-8AE1-C5829B9A9EC9}.Release|Any CPU.ActiveCfg = Release|Any CPU
		{FE840772-C40A-434E-8AE1-C5829B9A9EC9}.Release|Any CPU.Build.0 = Release|Any CPU
		{FE840772-C40A-434E-8AE1-C5829B9A9EC9}.Release|iPhone.ActiveCfg = Release|Any CPU
		{FE840772-C40A-434E-8AE1-C5829B9A9EC9}.Release|iPhone.Build.0 = Release|Any CPU
		{FE840772-C40A-434E-8AE1-C5829B9A9EC9}.Release|iPhoneSimulator.ActiveCfg = Release|Any CPU
		{FE840772-C40A-434E-8AE1-C5829B9A9EC9}.Release|iPhoneSimulator.Build.0 = Release|Any CPU
		{02A16696-2BCD-4E3D-B31E-E81FB2403BC8}.Debug|Any CPU.ActiveCfg = Debug|Any CPU
		{02A16696-2BCD-4E3D-B31E-E81FB2403BC8}.Debug|Any CPU.Build.0 = Debug|Any CPU
		{02A16696-2BCD-4E3D-B31E-E81FB2403BC8}.Debug|iPhone.ActiveCfg = Debug|Any CPU
		{02A16696-2BCD-4E3D-B31E-E81FB2403BC8}.Debug|iPhone.Build.0 = Debug|Any CPU
		{02A16696-2BCD-4E3D-B31E-E81FB2403BC8}.Debug|iPhoneSimulator.ActiveCfg = Debug|Any CPU
		{02A16696-2BCD-4E3D-B31E-E81FB2403BC8}.Debug|iPhoneSimulator.Build.0 = Debug|Any CPU
		{02A16696-2BCD-4E3D-B31E-E81FB2403BC8}.Release|Any CPU.ActiveCfg = Release|Any CPU
		{02A16696-2BCD-4E3D-B31E-E81FB2403BC8}.Release|Any CPU.Build.0 = Release|Any CPU
		{02A16696-2BCD-4E3D-B31E-E81FB2403BC8}.Release|iPhone.ActiveCfg = Release|Any CPU
		{02A16696-2BCD-4E3D-B31E-E81FB2403BC8}.Release|iPhone.Build.0 = Release|Any CPU
		{02A16696-2BCD-4E3D-B31E-E81FB2403BC8}.Release|iPhoneSimulator.ActiveCfg = Release|Any CPU
		{02A16696-2BCD-4E3D-B31E-E81FB2403BC8}.Release|iPhoneSimulator.Build.0 = Release|Any CPU
		{03982ADF-3C32-458E-A53A-E62810B119B0}.Debug|Any CPU.ActiveCfg = Debug|Any CPU
		{03982ADF-3C32-458E-A53A-E62810B119B0}.Debug|Any CPU.Build.0 = Debug|Any CPU
		{03982ADF-3C32-458E-A53A-E62810B119B0}.Debug|iPhone.ActiveCfg = Debug|Any CPU
		{03982ADF-3C32-458E-A53A-E62810B119B0}.Debug|iPhone.Build.0 = Debug|Any CPU
		{03982ADF-3C32-458E-A53A-E62810B119B0}.Debug|iPhoneSimulator.ActiveCfg = Debug|Any CPU
		{03982ADF-3C32-458E-A53A-E62810B119B0}.Debug|iPhoneSimulator.Build.0 = Debug|Any CPU
		{03982ADF-3C32-458E-A53A-E62810B119B0}.Release|Any CPU.ActiveCfg = Release|Any CPU
		{03982ADF-3C32-458E-A53A-E62810B119B0}.Release|Any CPU.Build.0 = Release|Any CPU
		{03982ADF-3C32-458E-A53A-E62810B119B0}.Release|iPhone.ActiveCfg = Release|Any CPU
		{03982ADF-3C32-458E-A53A-E62810B119B0}.Release|iPhone.Build.0 = Release|Any CPU
		{03982ADF-3C32-458E-A53A-E62810B119B0}.Release|iPhoneSimulator.ActiveCfg = Release|Any CPU
		{03982ADF-3C32-458E-A53A-E62810B119B0}.Release|iPhoneSimulator.Build.0 = Release|Any CPU
		{DFF3B1D0-2F24-4082-B488-B23EFE4E5BE0}.Debug|Any CPU.ActiveCfg = Debug|Any CPU
		{DFF3B1D0-2F24-4082-B488-B23EFE4E5BE0}.Debug|Any CPU.Build.0 = Debug|Any CPU
		{DFF3B1D0-2F24-4082-B488-B23EFE4E5BE0}.Debug|iPhone.ActiveCfg = Debug|Any CPU
		{DFF3B1D0-2F24-4082-B488-B23EFE4E5BE0}.Debug|iPhone.Build.0 = Debug|Any CPU
		{DFF3B1D0-2F24-4082-B488-B23EFE4E5BE0}.Debug|iPhoneSimulator.ActiveCfg = Debug|Any CPU
		{DFF3B1D0-2F24-4082-B488-B23EFE4E5BE0}.Debug|iPhoneSimulator.Build.0 = Debug|Any CPU
		{DFF3B1D0-2F24-4082-B488-B23EFE4E5BE0}.Release|Any CPU.ActiveCfg = Release|Any CPU
		{DFF3B1D0-2F24-4082-B488-B23EFE4E5BE0}.Release|Any CPU.Build.0 = Release|Any CPU
		{DFF3B1D0-2F24-4082-B488-B23EFE4E5BE0}.Release|iPhone.ActiveCfg = Release|Any CPU
		{DFF3B1D0-2F24-4082-B488-B23EFE4E5BE0}.Release|iPhone.Build.0 = Release|Any CPU
		{DFF3B1D0-2F24-4082-B488-B23EFE4E5BE0}.Release|iPhoneSimulator.ActiveCfg = Release|Any CPU
		{DFF3B1D0-2F24-4082-B488-B23EFE4E5BE0}.Release|iPhoneSimulator.Build.0 = Release|Any CPU
	EndGlobalSection
	GlobalSection(SolutionProperties) = preSolution
		HideSolutionNode = FALSE
	EndGlobalSection
	GlobalSection(NestedProjects) = preSolution
		{43BEE595-83DB-47E2-B963-55135A2566C7} = {8445F1FD-2EDC-4AFC-BDA0-0715C1BB3624}
		{DDF9C53F-D57B-4B41-A108-FE1D080B3F98} = {8445F1FD-2EDC-4AFC-BDA0-0715C1BB3624}
		{2A4F83E7-6DC0-4052-A39A-BCE5BC784B29} = {8445F1FD-2EDC-4AFC-BDA0-0715C1BB3624}
		{1A49DD01-1348-4CE2-A269-73127DC9C20F} = {A829D52C-C8C1-4DD9-9117-01BDB30A906A}
		{BB6B32D2-700E-4ACD-97F4-E45ACAFE53E4} = {67E366D2-C36F-4E8F-AB9D-B2557B087DA5}
		{6FF7A354-571B-48CD-83CB-BD65B22AF05D} = {67E366D2-C36F-4E8F-AB9D-B2557B087DA5}
		{76F00F1C-1B23-409C-A3AE-7D7503DE10FC} = {67E366D2-C36F-4E8F-AB9D-B2557B087DA5}
		{420DC959-9BBC-498F-8864-3D336EA7EEFB} = {A829D52C-C8C1-4DD9-9117-01BDB30A906A}
		{FE840772-C40A-434E-8AE1-C5829B9A9EC9} = {A829D52C-C8C1-4DD9-9117-01BDB30A906A}
		{02A16696-2BCD-4E3D-B31E-E81FB2403BC8} = {A829D52C-C8C1-4DD9-9117-01BDB30A906A}
		{03982ADF-3C32-458E-A53A-E62810B119B0} = {8445F1FD-2EDC-4AFC-BDA0-0715C1BB3624}
		{DFF3B1D0-2F24-4082-B488-B23EFE4E5BE0} = {8445F1FD-2EDC-4AFC-BDA0-0715C1BB3624}
	EndGlobalSection
	GlobalSection(ExtensibilityGlobals) = postSolution
		SolutionGuid = {8BE9807F-F4A4-4121-B4FA-A430F619ADBE}
	EndGlobalSection
EndGlobal
